
Microsoft Visual Studio Solution File, Format Version 12.00
# Visual Studio Version 17
VisualStudioVersion = 17.0.32014.148
MinimumVisualStudioVersion = 10.0.40219.1
Project("{FAE04EC0-301F-11D3-BF4B-00C04F79EFBC}") = "Final-Project-myTunes", "Final-Project-myTunes\Final-Project-myTunes.csproj", "{7BE35C7F-ED75-4E6A-801D-AF60E6B8FBA6}"
EndProject
Global
	GlobalSection(SolutionConfigurationPlatforms) = preSolution
		Debug|Any CPU = Debug|Any CPU
		Release|Any CPU = Release|Any CPU
	EndGlobalSection
	GlobalSection(ProjectConfigurationPlatforms) = postSolution
		{7BE35C7F-ED75-4E6A-801D-AF60E6B8FBA6}.Debug|Any CPU.ActiveCfg = Debug|Any CPU
		{7BE35C7F-ED75-4E6A-801D-AF60E6B8FBA6}.Debug|Any CPU.Build.0 = Debug|Any CPU
		{7BE35C7F-ED75-4E6A-801D-AF60E6B8FBA6}.Release|Any CPU.ActiveCfg = Release|Any CPU
		{7BE35C7F-ED75-4E6A-801D-AF60E6B8FBA6}.Release|Any CPU.Build.0 = Release|Any CPU
	EndGlobalSection
	GlobalSection(SolutionProperties) = preSolution
		HideSolutionNode = FALSE
	EndGlobalSection
	GlobalSection(ExtensibilityGlobals) = postSolution
		SolutionGuid = {DA00CEF9-CE29-4CDF-B60E-57D95F63E1F8}
	EndGlobalSection
EndGlobal
